{
  "name": "foodblock-cli",
  "version": "0.1.0",
  "lockfileVersion": 3,
  "requires": true,
  "packages": {
    "": {
      "name": "foodblock-cli",
      "version": "0.1.0",
      "license": "MIT",
      "dependencies": {
        "@foodxdev/foodblock": "file:../sdk/javascript"
      },
      "bin": {
        "fb": "bin/fb.js"
      },
      "engines": {
        "node": ">=18.0.0"
      }
    },
    "../sdk/javascript": {
      "name": "@foodxdev/foodblock",
      "version": "0.4.0",
      "license": "MIT",
      "engines": {
        "node": ">=18.0.0"
      }
    },
    "node_modules/@foodxdev/foodblock": {
      "resolved": "../sdk/javascript",
      "link": true
    }
  }
}
