{
  "name": "foodblock-cli",
  "version": "0.5.1",
  "lockfileVersion": 3,
  "requires": true,
  "packages": {
    "": {
      "name": "foodblock-cli",
      "version": "0.5.1",
      "license": "MIT",
      "dependencies": {
        "@foodxdev/foodblock": "^0.5.0"
      },
      "bin": {
        "fb": "bin/fb.js",
        "foodblock-cli": "bin/fb.js"
      },
      "engines": {
        "node": ">=18.0.0"
      }
    },
    "node_modules/@foodxdev/foodblock": {
      "version": "0.5.0",
      "resolved": "https://registry.npmjs.org/@foodxdev/foodblock/-/foodblock-0.5.0.tgz",
      "integrity": "sha512-RzaD0AfBb7lMgTbV9O6rDvNx9EKIxMsFxPkD3ScUwU7M1vViKgWBMOfdhwDX5qhFenk1ObT9Uk2WWADED8Z8JQ==",
      "license": "MIT",
      "engines": {
        "node": ">=18.0.0"
      }
    }
  }
}
